
Microsoft Visual Studio Solution File, Format Version 12.00
# Visual Studio 2013
VisualStudioVersion = 12.0.0.0
MinimumVisualStudioVersion = 10.0.0.1
Project("{FAE04EC0-301F-11D3-BF4B-00C04F79EFBC}") = "SwashBuckle.MicrosoftExtensions", "SwashBuckle.MicrosoftExtensions\SwashBuckle.MicrosoftExtensions.csproj", "{D131F460-1CB3-4C66-96C0-D1DC0D1D63CB}"
EndProject
Project("{4871FC7E-46CD-42DE-AB39-4D24D92F8846}") = "SwashBuckle.MicrosoftExtensions.Tests", "SwashBuckle.MicrosoftExtensions.Tests\SwashBuckle.MicrosoftExtensions.Tests.csproj", "{572937DD-BA35-4C22-A649-518C39B99D38}"
EndProject
Global
	GlobalSection(SolutionConfigurationPlatforms) = preSolution
		Debug|Any CPU = Debug|Any CPU
		Release|Any CPU = Release|Any CPU
	EndGlobalSection
	GlobalSection(ProjectConfigurationPlatforms) = postSolution
		{D131F460-1CB3-4C66-96C0-D1DC0D1D63CB}.Debug|Any CPU.ActiveCfg = Debug|Any CPU
		{D131F460-1CB3-4C66-96C0-D1DC0D1D63CB}.Debug|Any CPU.Build.0 = Debug|Any CPU
		{D131F460-1CB3-4C66-96C0-D1DC0D1D63CB}.Release|Any CPU.ActiveCfg = Release|Any CPU
		{D131F460-1CB3-4C66-96C0-D1DC0D1D63CB}.Release|Any CPU.Build.0 = Release|Any CPU
		{572937DD-BA35-4C22-A649-518C39B99D38}.Debug|Any CPU.ActiveCfg = Debug|Any CPU
		{572937DD-BA35-4C22-A649-518C39B99D38}.Debug|Any CPU.Build.0 = Debug|Any CPU
		{572937DD-BA35-4C22-A649-518C39B99D38}.Release|Any CPU.ActiveCfg = Release|Any CPU
		{572937DD-BA35-4C22-A649-518C39B99D38}.Release|Any CPU.Build.0 = Release|Any CPU
	EndGlobalSection
	GlobalSection(SolutionProperties) = preSolution
		HideSolutionNode = FALSE
	EndGlobalSection
EndGlobal
